
Microsoft Visual Studio Solution File, Format Version 12.00
# Visual Studio Version 17
VisualStudioVersion = 17.7.34003.232
MinimumVisualStudioVersion = 10.0.40219.1
Project("{FAE04EC0-301F-11D3-BF4B-00C04F79EFBC}") = "Conference-Ticketing-System", "Conference-Ticketing-System\Conference-Ticketing-System.csproj", "{AF4A248E-3B91-4101-9583-1A3691540A1A}"
EndProject
Project("{FAE04EC0-301F-11D3-BF4B-00C04F79EFBC}") = "BLL", "BLL\BLL.csproj", "{855F05E7-C019-4CD5-8720-B26BFF94319E}"
EndProject
Project("{FAE04EC0-301F-11D3-BF4B-00C04F79EFBC}") = "DAL", "DAL\DAL.csproj", "{B7FBE22B-9D58-46E6-A831-11B1FEA9049F}"
EndProject
Global
	GlobalSection(SolutionConfigurationPlatforms) = preSolution
		Debug|Any CPU = Debug|Any CPU
		Release|Any CPU = Release|Any CPU
	EndGlobalSection
	GlobalSection(ProjectConfigurationPlatforms) = postSolution
		{AF4A248E-3B91-4101-9583-1A3691540A1A}.Debug|Any CPU.ActiveCfg = Debug|Any CPU
		{AF4A248E-3B91-4101-9583-1A3691540A1A}.Debug|Any CPU.Build.0 = Debug|Any CPU
		{AF4A248E-3B91-4101-9583-1A3691540A1A}.Release|Any CPU.ActiveCfg = Release|Any CPU
		{AF4A248E-3B91-4101-9583-1A3691540A1A}.Release|Any CPU.Build.0 = Release|Any CPU
		{855F05E7-C019-4CD5-8720-B26BFF94319E}.Debug|Any CPU.ActiveCfg = Debug|Any CPU
		{855F05E7-C019-4CD5-8720-B26BFF94319E}.Debug|Any CPU.Build.0 = Debug|Any CPU
		{855F05E7-C019-4CD5-8720-B26BFF94319E}.Release|Any CPU.ActiveCfg = Release|Any CPU
		{855F05E7-C019-4CD5-8720-B26BFF94319E}.Release|Any CPU.Build.0 = Release|Any CPU
		{B7FBE22B-9D58-46E6-A831-11B1FEA9049F}.Debug|Any CPU.ActiveCfg = Debug|Any CPU
		{B7FBE22B-9D58-46E6-A831-11B1FEA9049F}.Debug|Any CPU.Build.0 = Debug|Any CPU
		{B7FBE22B-9D58-46E6-A831-11B1FEA9049F}.Release|Any CPU.ActiveCfg = Release|Any CPU
		{B7FBE22B-9D58-46E6-A831-11B1FEA9049F}.Release|Any CPU.Build.0 = Release|Any CPU
	EndGlobalSection
	GlobalSection(SolutionProperties) = preSolution
		HideSolutionNode = FALSE
	EndGlobalSection
	GlobalSection(ExtensibilityGlobals) = postSolution
		SolutionGuid = {790C4428-B7E6-4B2F-8884-86F633046A48}
	EndGlobalSection
EndGlobal
